
Microsoft Visual Studio Solution File, Format Version 12.00
# Visual Studio 15
Project("{FAE04EC0-301F-11D3-BF4B-00C04F79EFBC}") = "Assembly-CSharp", "Assembly-CSharp.csproj", "{0D22CD51-D1CC-C90A-4AA0-E66FC5A5B744}"
EndProject
Project("{FAE04EC0-301F-11D3-BF4B-00C04F79EFBC}") = "Assembly-CSharp-firstpass", "Assembly-CSharp-firstpass.csproj", "{3C093E56-7575-CCC7-A54E-D6775A4FA6E2}"
EndProject
Project("{FAE04EC0-301F-11D3-BF4B-00C04F79EFBC}") = "Assembly-CSharp-Editor", "Assembly-CSharp-Editor.csproj", "{324A5B9B-2226-96AB-D4B2-A95C47CC4A04}"
EndProject
Global
	GlobalSection(SolutionConfigurationPlatforms) = preSolution
		Debug|Any CPU = Debug|Any CPU
		Release|Any CPU = Release|Any CPU
	EndGlobalSection
	GlobalSection(ProjectConfigurationPlatforms) = postSolution
		{0D22CD51-D1CC-C90A-4AA0-E66FC5A5B744}.Debug|Any CPU.ActiveCfg = Debug|Any CPU
		{0D22CD51-D1CC-C90A-4AA0-E66FC5A5B744}.Debug|Any CPU.Build.0 = Debug|Any CPU
		{0D22CD51-D1CC-C90A-4AA0-E66FC5A5B744}.Release|Any CPU.ActiveCfg = Release|Any CPU
		{0D22CD51-D1CC-C90A-4AA0-E66FC5A5B744}.Release|Any CPU.Build.0 = Release|Any CPU
		{3C093E56-7575-CCC7-A54E-D6775A4FA6E2}.Debug|Any CPU.ActiveCfg = Debug|Any CPU
		{3C093E56-7575-CCC7-A54E-D6775A4FA6E2}.Debug|Any CPU.Build.0 = Debug|Any CPU
		{3C093E56-7575-CCC7-A54E-D6775A4FA6E2}.Release|Any CPU.ActiveCfg = Release|Any CPU
		{3C093E56-7575-CCC7-A54E-D6775A4FA6E2}.Release|Any CPU.Build.0 = Release|Any CPU
		{324A5B9B-2226-96AB-D4B2-A95C47CC4A04}.Debug|Any CPU.ActiveCfg = Debug|Any CPU
		{324A5B9B-2226-96AB-D4B2-A95C47CC4A04}.Debug|Any CPU.Build.0 = Debug|Any CPU
		{324A5B9B-2226-96AB-D4B2-A95C47CC4A04}.Release|Any CPU.ActiveCfg = Release|Any CPU
		{324A5B9B-2226-96AB-D4B2-A95C47CC4A04}.Release|Any CPU.Build.0 = Release|Any CPU
	EndGlobalSection
	GlobalSection(SolutionProperties) = preSolution
		HideSolutionNode = FALSE
	EndGlobalSection
EndGlobal
